// !$*UTF8*$!
{
	archiveVersion = 1;
	classes = {
	};
	objectVersion = 56;
	objects = {

/* Begin PBXBuildFile section */
		3F03B99D2B6B9CE700E31152 /* BuyMeACoffeeView.swift in Sources */ = {isa = PBXBuildFile; fileRef = 3F03B99C2B6B9CE700E31152 /* BuyMeACoffeeView.swift */; };
		3F03B9A02B6BA43C00E31152 /* StoreKit.framework in Frameworks */ = {isa = PBXBuildFile; fileRef = 3F03B99F2B6BA43C00E31152 /* StoreKit.framework */; };
		3F03B9A32B6BA75F00E31152 /* TipStore.swift in Sources */ = {isa = PBXBuildFile; fileRef = 3F03B9A22B6BA75F00E31152 /* TipStore.swift */; };
		3F03B9A52B6BA76E00E31152 /* TestView.swift in Sources */ = {isa = PBXBuildFile; fileRef = 3F03B9A42B6BA76E00E31152 /* TestView.swift */; };
		3F03B9A72B6BA77700E31152 /* myTipProductIdentifiers.swift in Sources */ = {isa = PBXBuildFile; fileRef = 3F03B9A62B6BA77700E31152 /* myTipProductIdentifiers.swift */; };
		3F03B9A92B6BA78100E31152 /* TipsButtonView.swift in Sources */ = {isa = PBXBuildFile; fileRef = 3F03B9A82B6BA78100E31152 /* TipsButtonView.swift */; };
		3F03B9AB2B6BA78900E31152 /* TipsView.swift in Sources */ = {isa = PBXBuildFile; fileRef = 3F03B9AA2B6BA78900E31152 /* TipsView.swift */; };
		3F03B9AD2B6BA79100E31152 /* TipsItemView.swift in Sources */ = {isa = PBXBuildFile; fileRef = 3F03B9AC2B6BA79100E31152 /* TipsItemView.swift */; };
		3F03B9AF2B6BA79700E31152 /* ThanksView.swift in Sources */ = {isa = PBXBuildFile; fileRef = 3F03B9AE2B6BA79700E31152 /* ThanksView.swift */; };
		3F03B9B12B6BA7E000E31152 /* Coffee_Shop_Cup.scn in Resources */ = {isa = PBXBuildFile; fileRef = 3F03B9B02B6BA7E000E31152 /* Coffee_Shop_Cup.scn */; };
		3F03B9B32B6BA7EA00E31152 /* SceneView.swift in Sources */ = {isa = PBXBuildFile; fileRef = 3F03B9B22B6BA7EA00E31152 /* SceneView.swift */; };
		3FA139D12ACDFDB70059932A /* TheO2ptimaCMChecklistApp.swift in Sources */ = {isa = PBXBuildFile; fileRef = 3FA139D02ACDFDB70059932A /* TheO2ptimaCMChecklistApp.swift */; };
		3FA139D32ACDFDB70059932A /* MainTabView.swift in Sources */ = {isa = PBXBuildFile; fileRef = 3FA139D22ACDFDB70059932A /* MainTabView.swift */; };
		3FA139D52ACDFDB80059932A /* Assets.xcassets in Resources */ = {isa = PBXBuildFile; fileRef = 3FA139D42ACDFDB80059932A /* Assets.xcassets */; };
		3FA139D82ACDFDB80059932A /* Preview Assets.xcassets in Resources */ = {isa = PBXBuildFile; fileRef = 3FA139D72ACDFDB80059932A /* Preview Assets.xcassets */; };
		3FA139E02ACDFECB0059932A /* SplashView.swift in Sources */ = {isa = PBXBuildFile; fileRef = 3FA139DF2ACDFECB0059932A /* SplashView.swift */; };
		3FA139E32ACDFEE60059932A /* WarningView.swift in Sources */ = {isa = PBXBuildFile; fileRef = 3FA139E22ACDFEE60059932A /* WarningView.swift */; };
		3FA139E62ACDFF7F0059932A /* WarningHeaderView.swift in Sources */ = {isa = PBXBuildFile; fileRef = 3FA139E52ACDFF7F0059932A /* WarningHeaderView.swift */; };
		3FA139E82ACDFFC60059932A /* RoundedShape.swift in Sources */ = {isa = PBXBuildFile; fileRef = 3FA139E72ACDFFC60059932A /* RoundedShape.swift */; };
		3FA139EA2ACE00760059932A /* SplashViewModifier.swift in Sources */ = {isa = PBXBuildFile; fileRef = 3FA139E92ACE00760059932A /* SplashViewModifier.swift */; };
		3FA139F02ACED07D0059932A /* StartBuildView.swift in Sources */ = {isa = PBXBuildFile; fileRef = 3FA139EF2ACED07D0059932A /* StartBuildView.swift */; };
		3FA139F22ACED09C0059932A /* SettingsView.swift in Sources */ = {isa = PBXBuildFile; fileRef = 3FA139F12ACED09C0059932A /* SettingsView.swift */; };
		3FA139F42ACEDDBC0059932A /* BuildView2.swift in Sources */ = {isa = PBXBuildFile; fileRef = 3FA139F32ACEDDBC0059932A /* BuildView2.swift */; };
		3FA139F72ACF1BB80059932A /* TitleHeaderView.swift in Sources */ = {isa = PBXBuildFile; fileRef = 3FA139F62ACF1BB80059932A /* TitleHeaderView.swift */; };
		3FA139FA2ACF1D1A0059932A /* GasCard.swift in Sources */ = {isa = PBXBuildFile; fileRef = 3FA139F92ACF1D1A0059932A /* GasCard.swift */; };
		3FA139FD2ACF39E70059932A /* ProgressBarView.swift in Sources */ = {isa = PBXBuildFile; fileRef = 3FA139FC2ACF39E70059932A /* ProgressBarView.swift */; };
		3FA139FF2ACF3A6A0059932A /* BuildView3.swift in Sources */ = {isa = PBXBuildFile; fileRef = 3FA139FE2ACF3A6A0059932A /* BuildView3.swift */; };
		3FA13A012ACF3C790059932A /* MvReadingAmbientAirCard.swift in Sources */ = {isa = PBXBuildFile; fileRef = 3FA13A002ACF3C790059932A /* MvReadingAmbientAirCard.swift */; };
		3FA13A032ACF40F70059932A /* VoltageCard.swift in Sources */ = {isa = PBXBuildFile; fileRef = 3FA13A022ACF40F70059932A /* VoltageCard.swift */; };
		3FA13A052ACF42CF0059932A /* BuildView4.swift in Sources */ = {isa = PBXBuildFile; fileRef = 3FA13A042ACF42CF0059932A /* BuildView4.swift */; };
		3FA13A072ACFFCEF0059932A /* ScrubberStatusCard.swift in Sources */ = {isa = PBXBuildFile; fileRef = 3FA13A062ACFFCEF0059932A /* ScrubberStatusCard.swift */; };
		3FA13A092AD0036D0059932A /* BuildView5.swift in Sources */ = {isa = PBXBuildFile; fileRef = 3FA13A082AD0036D0059932A /* BuildView5.swift */; };
		3FA13A0B2AD006190059932A /* MillivoltReadingO2Card.swift in Sources */ = {isa = PBXBuildFile; fileRef = 3FA13A0A2AD006190059932A /* MillivoltReadingO2Card.swift */; };
		3FA13A0D2AD007E80059932A /* BuildView6.swift in Sources */ = {isa = PBXBuildFile; fileRef = 3FA13A0C2AD007E80059932A /* BuildView6.swift */; };
		3FA13A0F2AD00A240059932A /* BuildView7.swift in Sources */ = {isa = PBXBuildFile; fileRef = 3FA13A0E2AD00A240059932A /* BuildView7.swift */; };
		3FA13A122AD00BAF0059932A /* CountdownTimerView.swift in Sources */ = {isa = PBXBuildFile; fileRef = 3FA13A112AD00BAF0059932A /* CountdownTimerView.swift */; };
		3FA13A142AD010380059932A /* BuildView8.swift in Sources */ = {isa = PBXBuildFile; fileRef = 3FA13A132AD010380059932A /* BuildView8.swift */; };
		3FA13A162AD010B30059932A /* OxygenPressureCard.swift in Sources */ = {isa = PBXBuildFile; fileRef = 3FA13A152AD010B30059932A /* OxygenPressureCard.swift */; };
		3FA13A182AD013790059932A /* BuildView9.swift in Sources */ = {isa = PBXBuildFile; fileRef = 3FA13A172AD013790059932A /* BuildView9.swift */; };
		3FA13A1A2AD014630059932A /* BuildSummaryView.swift in Sources */ = {isa = PBXBuildFile; fileRef = 3FA13A192AD014630059932A /* BuildSummaryView.swift */; };
		3FA13A1D2AD024430059932A /* StandardButtonStyle.swift in Sources */ = {isa = PBXBuildFile; fileRef = 3FA13A1C2AD024430059932A /* StandardButtonStyle.swift */; };
		3FA13A212AD029B40059932A /* AppViewModel.swift in Sources */ = {isa = PBXBuildFile; fileRef = 3FA13A202AD029B40059932A /* AppViewModel.swift */; };
		3FA13A232AD05B2E0059932A /* SummaryCard.swift in Sources */ = {isa = PBXBuildFile; fileRef = 3FA13A222AD05B2E0059932A /* SummaryCard.swift */; };
		3FA13A252AD077FF0059932A /* SummaryGasCard.swift in Sources */ = {isa = PBXBuildFile; fileRef = 3FA13A242AD077FF0059932A /* SummaryGasCard.swift */; };
		3FA13A272AD07B9F0059932A /* SummaryCellAirReading.swift in Sources */ = {isa = PBXBuildFile; fileRef = 3FA13A262AD07B9F0059932A /* SummaryCellAirReading.swift */; };
		3FA13A292AD07CB90059932A /* SummaryVoltageCard.swift in Sources */ = {isa = PBXBuildFile; fileRef = 3FA13A282AD07CB90059932A /* SummaryVoltageCard.swift */; };
		3FA13A2B2AD07ECB0059932A /* SummaryScrubberCard.swift in Sources */ = {isa = PBXBuildFile; fileRef = 3FA13A2A2AD07ECB0059932A /* SummaryScrubberCard.swift */; };
		3FA13A2D2AD14B200059932A /* SummaryCellO2Card.swift in Sources */ = {isa = PBXBuildFile; fileRef = 3FA13A2C2AD14B200059932A /* SummaryCellO2Card.swift */; };
		3FAE0A9C2B6BB2B000FB0110 /* GearListView.swift in Sources */ = {isa = PBXBuildFile; fileRef = 3FAE0A9B2B6BB2B000FB0110 /* GearListView.swift */; };
		3FAE0AA12B6BB2E400FB0110 /* BuildLogsView.swift in Sources */ = {isa = PBXBuildFile; fileRef = 3FAE0AA02B6BB2E400FB0110 /* BuildLogsView.swift */; };
		3FAE0AA32B6BB5E600FB0110 /* DetailView.swift in Sources */ = {isa = PBXBuildFile; fileRef = 3FAE0AA22B6BB5E600FB0110 /* DetailView.swift */; };
		3FAE0AA52B6BB5F100FB0110 /* ToDo.swift in Sources */ = {isa = PBXBuildFile; fileRef = 3FAE0AA42B6BB5F100FB0110 /* ToDo.swift */; };
		3FAE0AA92B6BB70400FB0110 /* NotificationHandler.swift in Sources */ = {isa = PBXBuildFile; fileRef = 3FAE0AA82B6BB70400FB0110 /* NotificationHandler.swift */; };
		3FAE0AAE2B6BBC3B00FB0110 /* MyBioView.swift in Sources */ = {isa = PBXBuildFile; fileRef = 3FAE0AAD2B6BBC3B00FB0110 /* MyBioView.swift */; };
/* End PBXBuildFile section */

/* Begin PBXFileReference section */
		3F03B99C2B6B9CE700E31152 /* BuyMeACoffeeView.swift */ = {isa = PBXFileReference; lastKnownFileType = sourcecode.swift; path = BuyMeACoffeeView.swift; sourceTree = "<group>"; };
		3F03B99F2B6BA43C00E31152 /* StoreKit.framework */ = {isa = PBXFileReference; lastKnownFileType = wrapper.framework; name = StoreKit.framework; path = System/Library/Frameworks/StoreKit.framework; sourceTree = SDKROOT; };
		3F03B9A12B6BA51600E31152 /* TheO2ptimaCMChecklistStoreKitConfiguration.storekit */ = {isa = PBXFileReference; lastKnownFileType = text; path = TheO2ptimaCMChecklistStoreKitConfiguration.storekit; sourceTree = "<group>"; };
		3F03B9A22B6BA75F00E31152 /* TipStore.swift */ = {isa = PBXFileReference; fileEncoding = 4; lastKnownFileType = sourcecode.swift; path = TipStore.swift; sourceTree = "<group>"; };
		3F03B9A42B6BA76E00E31152 /* TestView.swift */ = {isa = PBXFileReference; fileEncoding = 4; lastKnownFileType = sourcecode.swift; path = TestView.swift; sourceTree = "<group>"; };
		3F03B9A62B6BA77700E31152 /* myTipProductIdentifiers.swift */ = {isa = PBXFileReference; fileEncoding = 4; lastKnownFileType = sourcecode.swift; path = myTipProductIdentifiers.swift; sourceTree = "<group>"; };
		3F03B9A82B6BA78100E31152 /* TipsButtonView.swift */ = {isa = PBXFileReference; fileEncoding = 4; lastKnownFileType = sourcecode.swift; path = TipsButtonView.swift; sourceTree = "<group>"; };
		3F03B9AA2B6BA78900E31152 /* TipsView.swift */ = {isa = PBXFileReference; fileEncoding = 4; lastKnownFileType = sourcecode.swift; path = TipsView.swift; sourceTree = "<group>"; };
		3F03B9AC2B6BA79100E31152 /* TipsItemView.swift */ = {isa = PBXFileReference; fileEncoding = 4; lastKnownFileType = sourcecode.swift; path = TipsItemView.swift; sourceTree = "<group>"; };
		3F03B9AE2B6BA79700E31152 /* ThanksView.swift */ = {isa = PBXFileReference; fileEncoding = 4; lastKnownFileType = sourcecode.swift; path = ThanksView.swift; sourceTree = "<group>"; };
		3F03B9B02B6BA7E000E31152 /* Coffee_Shop_Cup.scn */ = {isa = PBXFileReference; lastKnownFileType = file.bplist; path = Coffee_Shop_Cup.scn; sourceTree = "<group>"; };
		3F03B9B22B6BA7EA00E31152 /* SceneView.swift */ = {isa = PBXFileReference; fileEncoding = 4; lastKnownFileType = sourcecode.swift; path = SceneView.swift; sourceTree = "<group>"; };
		3FA139CD2ACDFDB70059932A /* TheO2ptimaCMChecklist.app */ = {isa = PBXFileReference; explicitFileType = wrapper.application; includeInIndex = 0; path = TheO2ptimaCMChecklist.app; sourceTree = BUILT_PRODUCTS_DIR; };
		3FA139D02ACDFDB70059932A /* TheO2ptimaCMChecklistApp.swift */ = {isa = PBXFileReference; lastKnownFileType = sourcecode.swift; path = TheO2ptimaCMChecklistApp.swift; sourceTree = "<group>"; };
		3FA139D22ACDFDB70059932A /* MainTabView.swift */ = {isa = PBXFileReference; lastKnownFileType = sourcecode.swift; path = MainTabView.swift; sourceTree = "<group>"; };
		3FA139D42ACDFDB80059932A /* Assets.xcassets */ = {isa = PBXFileReference; lastKnownFileType = folder.assetcatalog; path = Assets.xcassets; sourceTree = "<group>"; };
		3FA139D72ACDFDB80059932A /* Preview Assets.xcassets */ = {isa = PBXFileReference; lastKnownFileType = folder.assetcatalog; path = "Preview Assets.xcassets"; sourceTree = "<group>"; };
		3FA139DF2ACDFECB0059932A /* SplashView.swift */ = {isa = PBXFileReference; lastKnownFileType = sourcecode.swift; path = SplashView.swift; sourceTree = "<group>"; };
		3FA139E22ACDFEE60059932A /* WarningView.swift */ = {isa = PBXFileReference; lastKnownFileType = sourcecode.swift; path = WarningView.swift; sourceTree = "<group>"; };
		3FA139E52ACDFF7F0059932A /* WarningHeaderView.swift */ = {isa = PBXFileReference; lastKnownFileType = sourcecode.swift; path = WarningHeaderView.swift; sourceTree = "<group>"; };
		3FA139E72ACDFFC60059932A /* RoundedShape.swift */ = {isa = PBXFileReference; lastKnownFileType = sourcecode.swift; path = RoundedShape.swift; sourceTree = "<group>"; };
		3FA139E92ACE00760059932A /* SplashViewModifier.swift */ = {isa = PBXFileReference; lastKnownFileType = sourcecode.swift; path = SplashViewModifier.swift; sourceTree = "<group>"; };
		3FA139EF2ACED07D0059932A /* StartBuildView.swift */ = {isa = PBXFileReference; lastKnownFileType = sourcecode.swift; path = StartBuildView.swift; sourceTree = "<group>"; };
		3FA139F12ACED09C0059932A /* SettingsView.swift */ = {isa = PBXFileReference; lastKnownFileType = sourcecode.swift; path = SettingsView.swift; sourceTree = "<group>"; };
		3FA139F32ACEDDBC0059932A /* BuildView2.swift */ = {isa = PBXFileReference; lastKnownFileType = sourcecode.swift; path = BuildView2.swift; sourceTree = "<group>"; };
		3FA139F62ACF1BB80059932A /* TitleHeaderView.swift */ = {isa = PBXFileReference; lastKnownFileType = sourcecode.swift; path = TitleHeaderView.swift; sourceTree = "<group>"; };
		3FA139F92ACF1D1A0059932A /* GasCard.swift */ = {isa = PBXFileReference; lastKnownFileType = sourcecode.swift; path = GasCard.swift; sourceTree = "<group>"; };
		3FA139FC2ACF39E70059932A /* ProgressBarView.swift */ = {isa = PBXFileReference; lastKnownFileType = sourcecode.swift; path = ProgressBarView.swift; sourceTree = "<group>"; };
		3FA139FE2ACF3A6A0059932A /* BuildView3.swift */ = {isa = PBXFileReference; lastKnownFileType = sourcecode.swift; path = BuildView3.swift; sourceTree = "<group>"; };
		3FA13A002ACF3C790059932A /* MvReadingAmbientAirCard.swift */ = {isa = PBXFileReference; lastKnownFileType = sourcecode.swift; path = MvReadingAmbientAirCard.swift; sourceTree = "<group>"; };
		3FA13A022ACF40F70059932A /* VoltageCard.swift */ = {isa = PBXFileReference; lastKnownFileType = sourcecode.swift; path = VoltageCard.swift; sourceTree = "<group>"; };
		3FA13A042ACF42CF0059932A /* BuildView4.swift */ = {isa = PBXFileReference; lastKnownFileType = sourcecode.swift; path = BuildView4.swift; sourceTree = "<group>"; };
		3FA13A062ACFFCEF0059932A /* ScrubberStatusCard.swift */ = {isa = PBXFileReference; lastKnownFileType = sourcecode.swift; path = ScrubberStatusCard.swift; sourceTree = "<group>"; };
		3FA13A082AD0036D0059932A /* BuildView5.swift */ = {isa = PBXFileReference; lastKnownFileType = sourcecode.swift; path = BuildView5.swift; sourceTree = "<group>"; };
		3FA13A0A2AD006190059932A /* MillivoltReadingO2Card.swift */ = {isa = PBXFileReference; lastKnownFileType = sourcecode.swift; path = MillivoltReadingO2Card.swift; sourceTree = "<group>"; };
		3FA13A0C2AD007E80059932A /* BuildView6.swift */ = {isa = PBXFileReference; lastKnownFileType = sourcecode.swift; path = BuildView6.swift; sourceTree = "<group>"; };
		3FA13A0E2AD00A240059932A /* BuildView7.swift */ = {isa = PBXFileReference; lastKnownFileType = sourcecode.swift; path = BuildView7.swift; sourceTree = "<group>"; };
		3FA13A112AD00BAF0059932A /* CountdownTimerView.swift */ = {isa = PBXFileReference; lastKnownFileType = sourcecode.swift; path = CountdownTimerView.swift; sourceTree = "<group>"; };
		3FA13A132AD010380059932A /* BuildView8.swift */ = {isa = PBXFileReference; lastKnownFileType = sourcecode.swift; path = BuildView8.swift; sourceTree = "<group>"; };
		3FA13A152AD010B30059932A /* OxygenPressureCard.swift */ = {isa = PBXFileReference; lastKnownFileType = sourcecode.swift; path = OxygenPressureCard.swift; sourceTree = "<group>"; };
		3FA13A172AD013790059932A /* BuildView9.swift */ = {isa = PBXFileReference; lastKnownFileType = sourcecode.swift; path = BuildView9.swift; sourceTree = "<group>"; };
		3FA13A192AD014630059932A /* BuildSummaryView.swift */ = {isa = PBXFileReference; lastKnownFileType = sourcecode.swift; path = BuildSummaryView.swift; sourceTree = "<group>"; };
		3FA13A1C2AD024430059932A /* StandardButtonStyle.swift */ = {isa = PBXFileReference; lastKnownFileType = sourcecode.swift; path = StandardButtonStyle.swift; sourceTree = "<group>"; };
		3FA13A202AD029B40059932A /* AppViewModel.swift */ = {isa = PBXFileReference; lastKnownFileType = sourcecode.swift; path = AppViewModel.swift; sourceTree = "<group>"; };
		3FA13A222AD05B2E0059932A /* SummaryCard.swift */ = {isa = PBXFileReference; lastKnownFileType = sourcecode.swift; path = SummaryCard.swift; sourceTree = "<group>"; };
		3FA13A242AD077FF0059932A /* SummaryGasCard.swift */ = {isa = PBXFileReference; lastKnownFileType = sourcecode.swift; path = SummaryGasCard.swift; sourceTree = "<group>"; };
		3FA13A262AD07B9F0059932A /* SummaryCellAirReading.swift */ = {isa = PBXFileReference; lastKnownFileType = sourcecode.swift; path = SummaryCellAirReading.swift; sourceTree = "<group>"; };
		3FA13A282AD07CB90059932A /* SummaryVoltageCard.swift */ = {isa = PBXFileReference; lastKnownFileType = sourcecode.swift; path = SummaryVoltageCard.swift; sourceTree = "<group>"; };
		3FA13A2A2AD07ECB0059932A /* SummaryScrubberCard.swift */ = {isa = PBXFileReference; lastKnownFileType = sourcecode.swift; path = SummaryScrubberCard.swift; sourceTree = "<group>"; };
		3FA13A2C2AD14B200059932A /* SummaryCellO2Card.swift */ = {isa = PBXFileReference; lastKnownFileType = sourcecode.swift; path = SummaryCellO2Card.swift; sourceTree = "<group>"; };
		3FAE0A9B2B6BB2B000FB0110 /* GearListView.swift */ = {isa = PBXFileReference; lastKnownFileType = sourcecode.swift; name = GearListView.swift; path = ../../../../../../../../Documents/GearListView.swift; sourceTree = "<group>"; };
		3FAE0AA02B6BB2E400FB0110 /* BuildLogsView.swift */ = {isa = PBXFileReference; lastKnownFileType = sourcecode.swift; name = BuildLogsView.swift; path = ../../../../../../../BuildLogsView.swift; sourceTree = "<group>"; };
		3FAE0AA22B6BB5E600FB0110 /* DetailView.swift */ = {isa = PBXFileReference; fileEncoding = 4; lastKnownFileType = sourcecode.swift; path = DetailView.swift; sourceTree = "<group>"; };
		3FAE0AA42B6BB5F100FB0110 /* ToDo.swift */ = {isa = PBXFileReference; fileEncoding = 4; lastKnownFileType = sourcecode.swift; path = ToDo.swift; sourceTree = "<group>"; };
		3FAE0AA82B6BB70400FB0110 /* NotificationHandler.swift */ = {isa = PBXFileReference; fileEncoding = 4; lastKnownFileType = sourcecode.swift; path = NotificationHandler.swift; sourceTree = "<group>"; };
		3FAE0AAD2B6BBC3B00FB0110 /* MyBioView.swift */ = {isa = PBXFileReference; lastKnownFileType = sourcecode.swift; path = MyBioView.swift; sourceTree = "<group>"; };
/* End PBXFileReference section */

/* Begin PBXFrameworksBuildPhase section */
		3FA139CA2ACDFDB70059932A /* Frameworks */ = {
			isa = PBXFrameworksBuildPhase;
			buildActionMask = 2147483647;
			files = (
				3F03B9A02B6BA43C00E31152 /* StoreKit.framework in Frameworks */,
			);
			runOnlyForDeploymentPostprocessing = 0;
		};
/* End PBXFrameworksBuildPhase section */

/* Begin PBXGroup section */
		3F03B99B2B6B9CCF00E31152 /* Tips */ = {
			isa = PBXGroup;
			children = (
				3F03B9A42B6BA76E00E31152 /* TestView.swift */,
				3F03B9B22B6BA7EA00E31152 /* SceneView.swift */,
				3F03B9A62B6BA77700E31152 /* myTipProductIdentifiers.swift */,
				3F03B99C2B6B9CE700E31152 /* BuyMeACoffeeView.swift */,
				3F03B9A82B6BA78100E31152 /* TipsButtonView.swift */,
				3F03B9A22B6BA75F00E31152 /* TipStore.swift */,
				3F03B9AA2B6BA78900E31152 /* TipsView.swift */,
				3F03B9AC2B6BA79100E31152 /* TipsItemView.swift */,
				3F03B9AE2B6BA79700E31152 /* ThanksView.swift */,
			);
			path = Tips;
			sourceTree = "<group>";
		};
		3F03B99E2B6BA43C00E31152 /* Frameworks */ = {
			isa = PBXGroup;
			children = (
				3F03B99F2B6BA43C00E31152 /* StoreKit.framework */,
			);
			name = Frameworks;
			sourceTree = "<group>";
		};
		3FA139C42ACDFDB70059932A = {
			isa = PBXGroup;
			children = (
				3FA139CF2ACDFDB70059932A /* TheO2ptimaCMChecklist */,
				3FA139CE2ACDFDB70059932A /* Products */,
				3F03B99E2B6BA43C00E31152 /* Frameworks */,
			);
			sourceTree = "<group>";
		};
		3FA139CE2ACDFDB70059932A /* Products */ = {
			isa = PBXGroup;
			children = (
				3FA139CD2ACDFDB70059932A /* TheO2ptimaCMChecklist.app */,
			);
			name = Products;
			sourceTree = "<group>";
		};
		3FA139CF2ACDFDB70059932A /* TheO2ptimaCMChecklist */ = {
			isa = PBXGroup;
			children = (
				3FAE0AA62B6BB6F000FB0110 /* Utils */,
				3F03B9B02B6BA7E000E31152 /* Coffee_Shop_Cup.scn */,
				3FA139DE2ACDFEAD0059932A /* SpashScreen */,
				3FA139E12ACDFED10059932A /* WarningScreen */,
				3FA139EB2ACEC71A0059932A /* Core */,
				3FA139D02ACDFDB70059932A /* TheO2ptimaCMChecklistApp.swift */,
				3FA139D22ACDFDB70059932A /* MainTabView.swift */,
				3FA139D42ACDFDB80059932A /* Assets.xcassets */,
				3FA139D62ACDFDB80059932A /* Preview Content */,
				3F03B9A12B6BA51600E31152 /* TheO2ptimaCMChecklistStoreKitConfiguration.storekit */,
			);
			path = TheO2ptimaCMChecklist;
			sourceTree = "<group>";
		};
		3FA139D62ACDFDB80059932A /* Preview Content */ = {
			isa = PBXGroup;
			children = (
				3FA139D72ACDFDB80059932A /* Preview Assets.xcassets */,
			);
			path = "Preview Content";
			sourceTree = "<group>";
		};
		3FA139DE2ACDFEAD0059932A /* SpashScreen */ = {
			isa = PBXGroup;
			children = (
				3FA139E92ACE00760059932A /* SplashViewModifier.swift */,
				3FA139DF2ACDFECB0059932A /* SplashView.swift */,
			);
			path = SpashScreen;
			sourceTree = "<group>";
		};
		3FA139E12ACDFED10059932A /* WarningScreen */ = {
			isa = PBXGroup;
			children = (
				3FA139E22ACDFEE60059932A /* WarningView.swift */,
			);
			path = WarningScreen;
			sourceTree = "<group>";
		};
		3FA139E42ACDFEF10059932A /* Components */ = {
			isa = PBXGroup;
			children = (
				3FA13A1B2AD024360059932A /* Buttons */,
				3FA13A102AD00B9E0059932A /* Timers */,
				3FA139FB2ACF39DA0059932A /* ProgressBar */,
				3FA139F82ACF1D0B0059932A /* Cards */,
				3FA139F52ACF1B770059932A /* Headers */,
				3FA139E72ACDFFC60059932A /* RoundedShape.swift */,
			);
			path = Components;
			sourceTree = "<group>";
		};
		3FA139EB2ACEC71A0059932A /* Core */ = {
			isa = PBXGroup;
			children = (
				3FAE0AAA2B6BB73800FB0110 /* Models */,
				3FA139E42ACDFEF10059932A /* Components */,
				3FA139EC2ACEC7250059932A /* Screens */,
			);
			path = Core;
			sourceTree = "<group>";
		};
		3FA139EC2ACEC7250059932A /* Screens */ = {
			isa = PBXGroup;
			children = (
				3FA139ED2ACED05B0059932A /* Build */,
				3FAE0A9A2B6BB29A00FB0110 /* Gear */,
				3FAE0A9F2B6BB2DA00FB0110 /* History */,
				3FA139EE2ACED06C0059932A /* Settings */,
			);
			path = Screens;
			sourceTree = "<group>";
		};
		3FA139ED2ACED05B0059932A /* Build */ = {
			isa = PBXGroup;
			children = (
				3FA13A1F2AD029910059932A /* Views */,
				3FA13A1E2AD029810059932A /* ViewModel */,
			);
			path = Build;
			sourceTree = "<group>";
		};
		3FA139EE2ACED06C0059932A /* Settings */ = {
			isa = PBXGroup;
			children = (
				3F03B99B2B6B9CCF00E31152 /* Tips */,
				3FA139F12ACED09C0059932A /* SettingsView.swift */,
				3FAE0AAD2B6BBC3B00FB0110 /* MyBioView.swift */,
			);
			path = Settings;
			sourceTree = "<group>";
		};
		3FA139F52ACF1B770059932A /* Headers */ = {
			isa = PBXGroup;
			children = (
				3FA139E52ACDFF7F0059932A /* WarningHeaderView.swift */,
				3FA139F62ACF1BB80059932A /* TitleHeaderView.swift */,
			);
			path = Headers;
			sourceTree = "<group>";
		};
		3FA139F82ACF1D0B0059932A /* Cards */ = {
			isa = PBXGroup;
			children = (
				3FA139F92ACF1D1A0059932A /* GasCard.swift */,
				3FA13A002ACF3C790059932A /* MvReadingAmbientAirCard.swift */,
				3FA13A022ACF40F70059932A /* VoltageCard.swift */,
				3FA13A062ACFFCEF0059932A /* ScrubberStatusCard.swift */,
				3FA13A0A2AD006190059932A /* MillivoltReadingO2Card.swift */,
				3FA13A152AD010B30059932A /* OxygenPressureCard.swift */,
				3FA13A222AD05B2E0059932A /* SummaryCard.swift */,
				3FA13A242AD077FF0059932A /* SummaryGasCard.swift */,
				3FA13A262AD07B9F0059932A /* SummaryCellAirReading.swift */,
				3FA13A282AD07CB90059932A /* SummaryVoltageCard.swift */,
				3FA13A2A2AD07ECB0059932A /* SummaryScrubberCard.swift */,
				3FA13A2C2AD14B200059932A /* SummaryCellO2Card.swift */,
			);
			path = Cards;
			sourceTree = "<group>";
		};
		3FA139FB2ACF39DA0059932A /* ProgressBar */ = {
			isa = PBXGroup;
			children = (
				3FA139FC2ACF39E70059932A /* ProgressBarView.swift */,
			);
			path = ProgressBar;
			sourceTree = "<group>";
		};
		3FA13A102AD00B9E0059932A /* Timers */ = {
			isa = PBXGroup;
			children = (
				3FA13A112AD00BAF0059932A /* CountdownTimerView.swift */,
			);
			path = Timers;
			sourceTree = "<group>";
		};
		3FA13A1B2AD024360059932A /* Buttons */ = {
			isa = PBXGroup;
			children = (
				3FA13A1C2AD024430059932A /* StandardButtonStyle.swift */,
			);
			path = Buttons;
			sourceTree = "<group>";
		};
		3FA13A1E2AD029810059932A /* ViewModel */ = {
			isa = PBXGroup;
			children = (
				3FA13A202AD029B40059932A /* AppViewModel.swift */,
			);
			path = ViewModel;
			sourceTree = "<group>";
		};
		3FA13A1F2AD029910059932A /* Views */ = {
			isa = PBXGroup;
			children = (
				3FA139EF2ACED07D0059932A /* StartBuildView.swift */,
				3FA139F32ACEDDBC0059932A /* BuildView2.swift */,
				3FA139FE2ACF3A6A0059932A /* BuildView3.swift */,
				3FA13A042ACF42CF0059932A /* BuildView4.swift */,
				3FA13A082AD0036D0059932A /* BuildView5.swift */,
				3FA13A0C2AD007E80059932A /* BuildView6.swift */,
				3FA13A0E2AD00A240059932A /* BuildView7.swift */,
				3FA13A132AD010380059932A /* BuildView8.swift */,
				3FA13A172AD013790059932A /* BuildView9.swift */,
				3FA13A192AD014630059932A /* BuildSummaryView.swift */,
			);
			path = Views;
			sourceTree = "<group>";
		};
		3FAE0A9A2B6BB29A00FB0110 /* Gear */ = {
			isa = PBXGroup;
			children = (
				3FAE0A9B2B6BB2B000FB0110 /* GearListView.swift */,
				3FAE0AA22B6BB5E600FB0110 /* DetailView.swift */,
				3FAE0AA42B6BB5F100FB0110 /* ToDo.swift */,
			);
			path = Gear;
			sourceTree = "<group>";
		};
		3FAE0A9F2B6BB2DA00FB0110 /* History */ = {
			isa = PBXGroup;
			children = (
				3FAE0AA02B6BB2E400FB0110 /* BuildLogsView.swift */,
			);
			path = History;
			sourceTree = "<group>";
		};
		3FAE0AA62B6BB6F000FB0110 /* Utils */ = {
			isa = PBXGroup;
			children = (
				3FAE0AA72B6BB6F500FB0110 /* Handlers */,
			);
			path = Utils;
			sourceTree = "<group>";
		};
		3FAE0AA72B6BB6F500FB0110 /* Handlers */ = {
			isa = PBXGroup;
			children = (
				3FAE0AA82B6BB70400FB0110 /* NotificationHandler.swift */,
			);
			path = Handlers;
			sourceTree = "<group>";
		};
		3FAE0AAA2B6BB73800FB0110 /* Models */ = {
			isa = PBXGroup;
			children = (
			);
			path = Models;
			sourceTree = "<group>";
		};
/* End PBXGroup section */

/* Begin PBXNativeTarget section */
		3FA139CC2ACDFDB70059932A /* TheO2ptimaCMChecklist */ = {
			isa = PBXNativeTarget;
			buildConfigurationList = 3FA139DB2ACDFDB80059932A /* Build configuration list for PBXNativeTarget "TheO2ptimaCMChecklist" */;
			buildPhases = (
				3FA139C92ACDFDB70059932A /* Sources */,
				3FA139CA2ACDFDB70059932A /* Frameworks */,
				3FA139CB2ACDFDB70059932A /* Resources */,
			);
			buildRules = (
			);
			dependencies = (
			);
			name = TheO2ptimaCMChecklist;
			productName = TheO2ptimaCMChecklist;
			productReference = 3FA139CD2ACDFDB70059932A /* TheO2ptimaCMChecklist.app */;
			productType = "com.apple.product-type.application";
		};
/* End PBXNativeTarget section */

/* Begin PBXProject section */
		3FA139C52ACDFDB70059932A /* Project object */ = {
			isa = PBXProject;
			attributes = {
				BuildIndependentTargetsInParallel = 1;
				LastSwiftUpdateCheck = 1500;
				LastUpgradeCheck = 1500;
				TargetAttributes = {
					3FA139CC2ACDFDB70059932A = {
						CreatedOnToolsVersion = 15.0;
					};
				};
			};
			buildConfigurationList = 3FA139C82ACDFDB70059932A /* Build configuration list for PBXProject "TheO2ptimaCMChecklist" */;
			compatibilityVersion = "Xcode 14.0";
			developmentRegion = en;
			hasScannedForEncodings = 0;
			knownRegions = (
				en,
				Base,
			);
			mainGroup = 3FA139C42ACDFDB70059932A;
			productRefGroup = 3FA139CE2ACDFDB70059932A /* Products */;
			projectDirPath = "";
			projectRoot = "";
			targets = (
				3FA139CC2ACDFDB70059932A /* TheO2ptimaCMChecklist */,
			);
		};
/* End PBXProject section */

/* Begin PBXResourcesBuildPhase section */
		3FA139CB2ACDFDB70059932A /* Resources */ = {
			isa = PBXResourcesBuildPhase;
			buildActionMask = 2147483647;
			files = (
				3F03B9B12B6BA7E000E31152 /* Coffee_Shop_Cup.scn in Resources */,
				3FA139D82ACDFDB80059932A /* Preview Assets.xcassets in Resources */,
				3FA139D52ACDFDB80059932A /* Assets.xcassets in Resources */,
			);
			runOnlyForDeploymentPostprocessing = 0;
		};
/* End PBXResourcesBuildPhase section */

/* Begin PBXSourcesBuildPhase section */
		3FA139C92ACDFDB70059932A /* Sources */ = {
			isa = PBXSourcesBuildPhase;
			buildActionMask = 2147483647;
			files = (
				3FA13A232AD05B2E0059932A /* SummaryCard.swift in Sources */,
				3FA13A2D2AD14B200059932A /* SummaryCellO2Card.swift in Sources */,
				3FA139F02ACED07D0059932A /* StartBuildView.swift in Sources */,
				3FA13A252AD077FF0059932A /* SummaryGasCard.swift in Sources */,
				3FAE0AA12B6BB2E400FB0110 /* BuildLogsView.swift in Sources */,
				3FA13A092AD0036D0059932A /* BuildView5.swift in Sources */,
				3FA139FF2ACF3A6A0059932A /* BuildView3.swift in Sources */,
				3FA139FA2ACF1D1A0059932A /* GasCard.swift in Sources */,
				3FA13A072ACFFCEF0059932A /* ScrubberStatusCard.swift in Sources */,
				3FA13A122AD00BAF0059932A /* CountdownTimerView.swift in Sources */,
				3FA13A142AD010380059932A /* BuildView8.swift in Sources */,
				3F03B9AB2B6BA78900E31152 /* TipsView.swift in Sources */,
				3FA139E02ACDFECB0059932A /* SplashView.swift in Sources */,
				3F03B99D2B6B9CE700E31152 /* BuyMeACoffeeView.swift in Sources */,
				3FA13A212AD029B40059932A /* AppViewModel.swift in Sources */,
				3FA13A0D2AD007E80059932A /* BuildView6.swift in Sources */,
				3F03B9B32B6BA7EA00E31152 /* SceneView.swift in Sources */,
				3FA139E32ACDFEE60059932A /* WarningView.swift in Sources */,
				3FA13A162AD010B30059932A /* OxygenPressureCard.swift in Sources */,
				3FA13A012ACF3C790059932A /* MvReadingAmbientAirCard.swift in Sources */,
				3FA139F22ACED09C0059932A /* SettingsView.swift in Sources */,
				3F03B9A32B6BA75F00E31152 /* TipStore.swift in Sources */,
				3FA139EA2ACE00760059932A /* SplashViewModifier.swift in Sources */,
				3FA13A1D2AD024430059932A /* StandardButtonStyle.swift in Sources */,
				3FA13A052ACF42CF0059932A /* BuildView4.swift in Sources */,
				3F03B9A72B6BA77700E31152 /* myTipProductIdentifiers.swift in Sources */,
				3FA13A032ACF40F70059932A /* VoltageCard.swift in Sources */,
				3FAE0AA52B6BB5F100FB0110 /* ToDo.swift in Sources */,
				3FA13A0B2AD006190059932A /* MillivoltReadingO2Card.swift in Sources */,
				3FAE0AA32B6BB5E600FB0110 /* DetailView.swift in Sources */,
				3FAE0AA92B6BB70400FB0110 /* NotificationHandler.swift in Sources */,
				3FA139D32ACDFDB70059932A /* MainTabView.swift in Sources */,
				3F03B9AD2B6BA79100E31152 /* TipsItemView.swift in Sources */,
				3FAE0AAE2B6BBC3B00FB0110 /* MyBioView.swift in Sources */,
				3FA13A1A2AD014630059932A /* BuildSummaryView.swift in Sources */,
				3FA13A0F2AD00A240059932A /* BuildView7.swift in Sources */,
				3FA13A2B2AD07ECB0059932A /* SummaryScrubberCard.swift in Sources */,
				3FA13A292AD07CB90059932A /* SummaryVoltageCard.swift in Sources */,
				3F03B9A92B6BA78100E31152 /* TipsButtonView.swift in Sources */,
				3FA13A182AD013790059932A /* BuildView9.swift in Sources */,
				3FA139F42ACEDDBC0059932A /* BuildView2.swift in Sources */,
				3FA13A272AD07B9F0059932A /* SummaryCellAirReading.swift in Sources */,
				3F03B9AF2B6BA79700E31152 /* ThanksView.swift in Sources */,
				3FA139F72ACF1BB80059932A /* TitleHeaderView.swift in Sources */,
				3FAE0A9C2B6BB2B000FB0110 /* GearListView.swift in Sources */,
				3FA139D12ACDFDB70059932A /* TheO2ptimaCMChecklistApp.swift in Sources */,
				3F03B9A52B6BA76E00E31152 /* TestView.swift in Sources */,
				3FA139E62ACDFF7F0059932A /* WarningHeaderView.swift in Sources */,
				3FA139FD2ACF39E70059932A /* ProgressBarView.swift in Sources */,
				3FA139E82ACDFFC60059932A /* RoundedShape.swift in Sources */,
			);
			runOnlyForDeploymentPostprocessing = 0;
		};
/* End PBXSourcesBuildPhase section */

/* Begin XCBuildConfiguration section */
		3FA139D92ACDFDB80059932A /* Debug */ = {
			isa = XCBuildConfiguration;
			buildSettings = {
				ALWAYS_SEARCH_USER_PATHS = NO;
				ASSETCATALOG_COMPILER_GENERATE_SWIFT_ASSET_SYMBOL_EXTENSIONS = YES;
				CLANG_ANALYZER_NONNULL = YES;
				CLANG_ANALYZER_NUMBER_OBJECT_CONVERSION = YES_AGGRESSIVE;
				CLANG_CXX_LANGUAGE_STANDARD = "gnu++20";
				CLANG_ENABLE_MODULES = YES;
				CLANG_ENABLE_OBJC_ARC = YES;
				CLANG_ENABLE_OBJC_WEAK = YES;
				CLANG_WARN_BLOCK_CAPTURE_AUTORELEASING = YES;
				CLANG_WARN_BOOL_CONVERSION = YES;
				CLANG_WARN_COMMA = YES;
				CLANG_WARN_CONSTANT_CONVERSION = YES;
				CLANG_WARN_DEPRECATED_OBJC_IMPLEMENTATIONS = YES;
				CLANG_WARN_DIRECT_OBJC_ISA_USAGE = YES_ERROR;
				CLANG_WARN_DOCUMENTATION_COMMENTS = YES;
				CLANG_WARN_EMPTY_BODY = YES;
				CLANG_WARN_ENUM_CONVERSION = YES;
				CLANG_WARN_INFINITE_RECURSION = YES;
				CLANG_WARN_INT_CONVERSION = YES;
				CLANG_WARN_NON_LITERAL_NULL_CONVERSION = YES;
				CLANG_WARN_OBJC_IMPLICIT_RETAIN_SELF = YES;
				CLANG_WARN_OBJC_LITERAL_CONVERSION = YES;
				CLANG_WARN_OBJC_ROOT_CLASS = YES_ERROR;
				CLANG_WARN_QUOTED_INCLUDE_IN_FRAMEWORK_HEADER = YES;
				CLANG_WARN_RANGE_LOOP_ANALYSIS = YES;
				CLANG_WARN_STRICT_PROTOTYPES = YES;
				CLANG_WARN_SUSPICIOUS_MOVE = YES;
				CLANG_WARN_UNGUARDED_AVAILABILITY = YES_AGGRESSIVE;
				CLANG_WARN_UNREACHABLE_CODE = YES;
				CLANG_WARN__DUPLICATE_METHOD_MATCH = YES;
				COPY_PHASE_STRIP = NO;
				DEBUG_INFORMATION_FORMAT = dwarf;
				ENABLE_STRICT_OBJC_MSGSEND = YES;
				ENABLE_TESTABILITY = YES;
				ENABLE_USER_SCRIPT_SANDBOXING = YES;
				GCC_C_LANGUAGE_STANDARD = gnu17;
				GCC_DYNAMIC_NO_PIC = NO;
				GCC_NO_COMMON_BLOCKS = YES;
				GCC_OPTIMIZATION_LEVEL = 0;
				GCC_PREPROCESSOR_DEFINITIONS = (
					"DEBUG=1",
					"$(inherited)",
				);
				GCC_WARN_64_TO_32_BIT_CONVERSION = YES;
				GCC_WARN_ABOUT_RETURN_TYPE = YES_ERROR;
				GCC_WARN_UNDECLARED_SELECTOR = YES;
				GCC_WARN_UNINITIALIZED_AUTOS = YES_AGGRESSIVE;
				GCC_WARN_UNUSED_FUNCTION = YES;
				GCC_WARN_UNUSED_VARIABLE = YES;
				IPHONEOS_DEPLOYMENT_TARGET = 17.0;
				LOCALIZATION_PREFERS_STRING_CATALOGS = YES;
				MTL_ENABLE_DEBUG_INFO = INCLUDE_SOURCE;
				MTL_FAST_MATH = YES;
				ONLY_ACTIVE_ARCH = YES;
				SDKROOT = iphoneos;
				SWIFT_ACTIVE_COMPILATION_CONDITIONS = "DEBUG $(inherited)";
				SWIFT_OPTIMIZATION_LEVEL = "-Onone";
			};
			name = Debug;
		};
		3FA139DA2ACDFDB80059932A /* Release */ = {
			isa = XCBuildConfiguration;
			buildSettings = {
				ALWAYS_SEARCH_USER_PATHS = NO;
				ASSETCATALOG_COMPILER_GENERATE_SWIFT_ASSET_SYMBOL_EXTENSIONS = YES;
				CLANG_ANALYZER_NONNULL = YES;
				CLANG_ANALYZER_NUMBER_OBJECT_CONVERSION = YES_AGGRESSIVE;
				CLANG_CXX_LANGUAGE_STANDARD = "gnu++20";
				CLANG_ENABLE_MODULES = YES;
				CLANG_ENABLE_OBJC_ARC = YES;
				CLANG_ENABLE_OBJC_WEAK = YES;
				CLANG_WARN_BLOCK_CAPTURE_AUTORELEASING = YES;
				CLANG_WARN_BOOL_CONVERSION = YES;
				CLANG_WARN_COMMA = YES;
				CLANG_WARN_CONSTANT_CONVERSION = YES;
				CLANG_WARN_DEPRECATED_OBJC_IMPLEMENTATIONS = YES;
				CLANG_WARN_DIRECT_OBJC_ISA_USAGE = YES_ERROR;
				CLANG_WARN_DOCUMENTATION_COMMENTS = YES;
				CLANG_WARN_EMPTY_BODY = YES;
				CLANG_WARN_ENUM_CONVERSION = YES;
				CLANG_WARN_INFINITE_RECURSION = YES;
				CLANG_WARN_INT_CONVERSION = YES;
				CLANG_WARN_NON_LITERAL_NULL_CONVERSION = YES;
				CLANG_WARN_OBJC_IMPLICIT_RETAIN_SELF = YES;
				CLANG_WARN_OBJC_LITERAL_CONVERSION = YES;
				CLANG_WARN_OBJC_ROOT_CLASS = YES_ERROR;
				CLANG_WARN_QUOTED_INCLUDE_IN_FRAMEWORK_HEADER = YES;
				CLANG_WARN_RANGE_LOOP_ANALYSIS = YES;
				CLANG_WARN_STRICT_PROTOTYPES = YES;
				CLANG_WARN_SUSPICIOUS_MOVE = YES;
				CLANG_WARN_UNGUARDED_AVAILABILITY = YES_AGGRESSIVE;
				CLANG_WARN_UNREACHABLE_CODE = YES;
				CLANG_WARN__DUPLICATE_METHOD_MATCH = YES;
				COPY_PHASE_STRIP = NO;
				DEBUG_INFORMATION_FORMAT = "dwarf-with-dsym";
				ENABLE_NS_ASSERTIONS = NO;
				ENABLE_STRICT_OBJC_MSGSEND = YES;
				ENABLE_USER_SCRIPT_SANDBOXING = YES;
				GCC_C_LANGUAGE_STANDARD = gnu17;
				GCC_NO_COMMON_BLOCKS = YES;
				GCC_WARN_64_TO_32_BIT_CONVERSION = YES;
				GCC_WARN_ABOUT_RETURN_TYPE = YES_ERROR;
				GCC_WARN_UNDECLARED_SELECTOR = YES;
				GCC_WARN_UNINITIALIZED_AUTOS = YES_AGGRESSIVE;
				GCC_WARN_UNUSED_FUNCTION = YES;
				GCC_WARN_UNUSED_VARIABLE = YES;
				IPHONEOS_DEPLOYMENT_TARGET = 17.0;
				LOCALIZATION_PREFERS_STRING_CATALOGS = YES;
				MTL_ENABLE_DEBUG_INFO = NO;
				MTL_FAST_MATH = YES;
				SDKROOT = iphoneos;
				SWIFT_COMPILATION_MODE = wholemodule;
				VALIDATE_PRODUCT = YES;
			};
			name = Release;
		};
		3FA139DC2ACDFDB80059932A /* Debug */ = {
			isa = XCBuildConfiguration;
			buildSettings = {
				ASSETCATALOG_COMPILER_APPICON_NAME = AppIcon;
				ASSETCATALOG_COMPILER_GLOBAL_ACCENT_COLOR_NAME = AccentColor;
				CODE_SIGN_STYLE = Automatic;
				CURRENT_PROJECT_VERSION = 1;
				DEVELOPMENT_ASSET_PATHS = "\"TheO2ptimaCMChecklist/Preview Content\"";
				DEVELOPMENT_TEAM = BV862H23C8;
				ENABLE_PREVIEWS = YES;
				GENERATE_INFOPLIST_FILE = YES;
				INFOPLIST_KEY_CFBundleDisplayName = "The O2ptimaCM Checklist";
				INFOPLIST_KEY_LSApplicationCategoryType = "public.app-category.sports";
				INFOPLIST_KEY_UIApplicationSceneManifest_Generation = YES;
				INFOPLIST_KEY_UIApplicationSupportsIndirectInputEvents = YES;
				INFOPLIST_KEY_UILaunchScreen_Generation = YES;
				INFOPLIST_KEY_UISupportedInterfaceOrientations_iPad = "UIInterfaceOrientationPortrait UIInterfaceOrientationPortraitUpsideDown UIInterfaceOrientationLandscapeLeft UIInterfaceOrientationLandscapeRight";
				INFOPLIST_KEY_UISupportedInterfaceOrientations_iPhone = "UIInterfaceOrientationPortrait UIInterfaceOrientationLandscapeLeft UIInterfaceOrientationLandscapeRight";
				LD_RUNPATH_SEARCH_PATHS = (
					"$(inherited)",
					"@executable_path/Frameworks",
				);
				MARKETING_VERSION = 1.2;
				PRODUCT_BUNDLE_IDENTIFIER = com.andy.TheO2ptimaCMChecklist;
				PRODUCT_NAME = "$(TARGET_NAME)";
				SWIFT_EMIT_LOC_STRINGS = YES;
				SWIFT_VERSION = 5.0;
				TARGETED_DEVICE_FAMILY = "1,2";
			};
			name = Debug;
		};
		3FA139DD2ACDFDB80059932A /* Release */ = {
			isa = XCBuildConfiguration;
			buildSettings = {
				ASSETCATALOG_COMPILER_APPICON_NAME = AppIcon;
				ASSETCATALOG_COMPILER_GLOBAL_ACCENT_COLOR_NAME = AccentColor;
				CODE_SIGN_STYLE = Automatic;
				CURRENT_PROJECT_VERSION = 1;
				DEVELOPMENT_ASSET_PATHS = "\"TheO2ptimaCMChecklist/Preview Content\"";
				DEVELOPMENT_TEAM = BV862H23C8;
				ENABLE_PREVIEWS = YES;
				GENERATE_INFOPLIST_FILE = YES;
				INFOPLIST_KEY_CFBundleDisplayName = "The O2ptimaCM Checklist";
				INFOPLIST_KEY_LSApplicationCategoryType = "public.app-category.sports";
				INFOPLIST_KEY_UIApplicationSceneManifest_Generation = YES;
				INFOPLIST_KEY_UIApplicationSupportsIndirectInputEvents = YES;
				INFOPLIST_KEY_UILaunchScreen_Generation = YES;
				INFOPLIST_KEY_UISupportedInterfaceOrientations_iPad = "UIInterfaceOrientationPortrait UIInterfaceOrientationPortraitUpsideDown UIInterfaceOrientationLandscapeLeft UIInterfaceOrientationLandscapeRight";
				INFOPLIST_KEY_UISupportedInterfaceOrientations_iPhone = "UIInterfaceOrientationPortrait UIInterfaceOrientationLandscapeLeft UIInterfaceOrientationLandscapeRight";
				LD_RUNPATH_SEARCH_PATHS = (
					"$(inherited)",
					"@executable_path/Frameworks",
				);
				MARKETING_VERSION = 1.2;
				PRODUCT_BUNDLE_IDENTIFIER = com.andy.TheO2ptimaCMChecklist;
				PRODUCT_NAME = "$(TARGET_NAME)";
				SWIFT_EMIT_LOC_STRINGS = YES;
				SWIFT_VERSION = 5.0;
				TARGETED_DEVICE_FAMILY = "1,2";
			};
			name = Release;
		};
/* End XCBuildConfiguration section */

/* Begin XCConfigurationList section */
		3FA139C82ACDFDB70059932A /* Build configuration list for PBXProject "TheO2ptimaCMChecklist" */ = {
			isa = XCConfigurationList;
			buildConfigurations = (
				3FA139D92ACDFDB80059932A /* Debug */,
				3FA139DA2ACDFDB80059932A /* Release */,
			);
			defaultConfigurationIsVisible = 0;
			defaultConfigurationName = Release;
		};
		3FA139DB2ACDFDB80059932A /* Build configuration list for PBXNativeTarget "TheO2ptimaCMChecklist" */ = {
			isa = XCConfigurationList;
			buildConfigurations = (
				3FA139DC2ACDFDB80059932A /* Debug */,
				3FA139DD2ACDFDB80059932A /* Release */,
			);
			defaultConfigurationIsVisible = 0;
			defaultConfigurationName = Release;
		};
/* End XCConfigurationList section */
	};
	rootObject = 3FA139C52ACDFDB70059932A /* Project object */;
}
